
Microsoft Visual Studio Solution File, Format Version 12.00
# Visual Studio Version 17
VisualStudioVersion = 17.3.32929.385
MinimumVisualStudioVersion = 10.0.40219.1
Project("{FAE04EC0-301F-11D3-BF4B-00C04F79EFBC}") = "api", "api\api.csproj", "{5DAC6FAB-7A3F-4F7C-AFA6-8B081B2154D8}"
EndProject
Global
	GlobalSection(SolutionConfigurationPlatforms) = preSolution
		Debug|Any CPU = Debug|Any CPU
		Release|Any CPU = Release|Any CPU
	EndGlobalSection
	GlobalSection(ProjectConfigurationPlatforms) = postSolution
		{5DAC6FAB-7A3F-4F7C-AFA6-8B081B2154D8}.Debug|Any CPU.ActiveCfg = Debug|Any CPU
		{5DAC6FAB-7A3F-4F7C-AFA6-8B081B2154D8}.Debug|Any CPU.Build.0 = Debug|Any CPU
		{5DAC6FAB-7A3F-4F7C-AFA6-8B081B2154D8}.Release|Any CPU.ActiveCfg = Release|Any CPU
		{5DAC6FAB-7A3F-4F7C-AFA6-8B081B2154D8}.Release|Any CPU.Build.0 = Release|Any CPU
	EndGlobalSection
	GlobalSection(SolutionProperties) = preSolution
		HideSolutionNode = FALSE
	EndGlobalSection
	GlobalSection(ExtensibilityGlobals) = postSolution
		SolutionGuid = {BCEA4924-55B0-4FA7-B24D-47C88C753194}
	EndGlobalSection
EndGlobal
